
Microsoft Visual Studio Solution File, Format Version 12.00
# Visual Studio Version 16
VisualStudioVersion = 16.0.30320.27
MinimumVisualStudioVersion = 10.0.40219.1
Project("{FAE04EC0-301F-11D3-BF4B-00C04F79EFBC}") = "QuikAid_T", "QuikAid_T\QuikAid_T.csproj", "{70A28685-3BE7-4EBF-A56E-A9D860FBBC88}"
EndProject
Global
	GlobalSection(SolutionConfigurationPlatforms) = preSolution
		Debug|Any CPU = Debug|Any CPU
		Release|Any CPU = Release|Any CPU
	EndGlobalSection
	GlobalSection(ProjectConfigurationPlatforms) = postSolution
		{70A28685-3BE7-4EBF-A56E-A9D860FBBC88}.Debug|Any CPU.ActiveCfg = Debug|Any CPU
		{70A28685-3BE7-4EBF-A56E-A9D860FBBC88}.Debug|Any CPU.Build.0 = Debug|Any CPU
		{70A28685-3BE7-4EBF-A56E-A9D860FBBC88}.Release|Any CPU.ActiveCfg = Release|Any CPU
		{70A28685-3BE7-4EBF-A56E-A9D860FBBC88}.Release|Any CPU.Build.0 = Release|Any CPU
	EndGlobalSection
	GlobalSection(SolutionProperties) = preSolution
		HideSolutionNode = FALSE
	EndGlobalSection
	GlobalSection(ExtensibilityGlobals) = postSolution
		SolutionGuid = {CD0D6ABF-9B50-4276-91F0-68EF5A6DB6E8}
	EndGlobalSection
EndGlobal
